{
  "meteor": {},
  "dependencies": {
    "basePackages": {
      "jquery-ui": {},
      "fullcalendar": {},
      "iron-router": {},
      "accounts-ui-bootstrap-dropdown": {},
      "momentjs": {},
      "handlebars-server": {},
      "bootstrap-3": {},
      "accounts-ui-bootstrap-3": {}
    },
    "packages": {
      "jquery-ui": {
        "git": "https://github.com/TimHeckel/meteor-jquery-ui.git",
        "tag": "v1.9.2",
        "commit": "c437d45edcf1367df8d5ffa8bad2867758030bd2"
      },
      "fullcalendar": {
        "git": "https://github.com/TimHeckel/meteor-fullcalendar.git",
        "tag": "v1.6.1",
        "commit": "78dba7c564bf7baacf6556c70a3cc179d0e137c4"
      },
      "iron-router": {
        "git": "https://github.com/EventedMind/iron-router.git",
        "tag": "v0.6.4",
        "commit": "927bbaed1b87894fb6fb70807f74ff3a5bd89f29"
      },
      "accounts-ui-bootstrap-dropdown": {
        "git": "https://github.com/erobit/meteor-accounts-ui-bootstrap-dropdown.git",
        "tag": "v0.6.5.1",
        "commit": "c8b29d2e7f8611d6dec9d6d23c1c2b94e000b0fb"
      },
      "momentjs": {
        "git": "https://github.com/crapthings/meteor-momentjs.git",
        "tag": "v2.1.0.2",
        "commit": "59a762e297082eea8b8cae00374c2b7ac6f89529"
      },
      "handlebars-server": {
        "git": "https://github.com/EventedMind/meteor-handlebars-server.git",
        "tag": "v1.1.0",
        "commit": "ed99c8e9280894519f44a5b4c84f66ff596c5450"
      },
      "bootstrap-3": {
        "git": "https://github.com/mangasocial/meteor-bootstrap-3.git",
        "tag": "v3.1.0-1",
        "commit": "329dccb08bfc18c635676dea600ac9953162cda9"
      },
      "accounts-ui-bootstrap-3": {
        "git": "https://github.com/mangasocial/meteor-accounts-ui-bootstrap-3.git",
        "tag": "v0.2.5",
        "commit": "91cd37a1320213dd209c3a668bf542eeb9c39a00"
      }
    }
  }
}
