{
  "meteor": {},
  "dependencies": {
    "basePackages": {
      "bootstrap-3": {},
      "jquery-ui": {},
      "fullcalendar": {}
    },
    "packages": {
      "bootstrap-3": {
        "git": "https://github.com/mangasocial/meteor-bootstrap-3.git",
        "tag": "v0.3.0",
        "commit": "a4d863c644cea85cbf689692265bf86dc3dcd656"
      },
      "jquery-ui": {
        "git": "https://github.com/TimHeckel/meteor-jquery-ui.git",
        "tag": "v1.9.2",
        "commit": "c437d45edcf1367df8d5ffa8bad2867758030bd2"
      },
      "fullcalendar": {
        "git": "https://github.com/TimHeckel/meteor-fullcalendar.git",
        "tag": "v1.6.1",
        "commit": "78dba7c564bf7baacf6556c70a3cc179d0e137c4"
      }
    }
  }
}
